
Microsoft Visual Studio Solution File, Format Version 12.00
# Visual Studio Version 17
VisualStudioVersion = 17.0.32014.148
MinimumVisualStudioVersion = 10.0.40219.1
Project("{FAE04EC0-301F-11D3-BF4B-00C04F79EFBC}") = "WebApiCore", "WebApiCore\WebApiCore.csproj", "{2CDF9860-0BDA-47BF-9849-82D2885466AD}"
EndProject
Global
	GlobalSection(SolutionConfigurationPlatforms) = preSolution
		Debug|Any CPU = Debug|Any CPU
		Release|Any CPU = Release|Any CPU
	EndGlobalSection
	GlobalSection(ProjectConfigurationPlatforms) = postSolution
		{2CDF9860-0BDA-47BF-9849-82D2885466AD}.Debug|Any CPU.ActiveCfg = Debug|Any CPU
		{2CDF9860-0BDA-47BF-9849-82D2885466AD}.Debug|Any CPU.Build.0 = Debug|Any CPU
		{2CDF9860-0BDA-47BF-9849-82D2885466AD}.Release|Any CPU.ActiveCfg = Release|Any CPU
		{2CDF9860-0BDA-47BF-9849-82D2885466AD}.Release|Any CPU.Build.0 = Release|Any CPU
	EndGlobalSection
	GlobalSection(SolutionProperties) = preSolution
		HideSolutionNode = FALSE
	EndGlobalSection
	GlobalSection(ExtensibilityGlobals) = postSolution
		SolutionGuid = {4F081C8A-D570-410A-AC55-42712CB6543B}
	EndGlobalSection
EndGlobal
